
Microsoft Visual Studio Solution File, Format Version 12.00
# Visual Studio Version 17
VisualStudioVersion = 17.3.32929.385
MinimumVisualStudioVersion = 10.0.40219.1
Project("{FAE04EC0-301F-11D3-BF4B-00C04F79EFBC}") = "Lab_1", "Lab_1\Lab_1.csproj", "{4F222B2B-E0DA-4569-B693-EC32D3F50F69}"
EndProject
Global
	GlobalSection(SolutionConfigurationPlatforms) = preSolution
		Debug|Any CPU = Debug|Any CPU
		Release|Any CPU = Release|Any CPU
	EndGlobalSection
	GlobalSection(ProjectConfigurationPlatforms) = postSolution
		{4F222B2B-E0DA-4569-B693-EC32D3F50F69}.Debug|Any CPU.ActiveCfg = Debug|Any CPU
		{4F222B2B-E0DA-4569-B693-EC32D3F50F69}.Debug|Any CPU.Build.0 = Debug|Any CPU
		{4F222B2B-E0DA-4569-B693-EC32D3F50F69}.Release|Any CPU.ActiveCfg = Release|Any CPU
		{4F222B2B-E0DA-4569-B693-EC32D3F50F69}.Release|Any CPU.Build.0 = Release|Any CPU
	EndGlobalSection
	GlobalSection(SolutionProperties) = preSolution
		HideSolutionNode = FALSE
	EndGlobalSection
	GlobalSection(ExtensibilityGlobals) = postSolution
		SolutionGuid = {01603F81-59C1-4D60-8529-89DCC8F60C31}
	EndGlobalSection
EndGlobal
